
Microsoft Visual Studio Solution File, Format Version 12.00
# Visual Studio Version 16
VisualStudioVersion = 16.0.29123.88
MinimumVisualStudioVersion = 10.0.40219.1
Project("{FAE04EC0-301F-11D3-BF4B-00C04F79EFBC}") = "E7Store", "E7Store\E7Store.csproj", "{D498B671-1266-4B7C-B387-1D0DCCFCAC32}"
EndProject
Global
	GlobalSection(SolutionConfigurationPlatforms) = preSolution
		Debug|Any CPU = Debug|Any CPU
		Release|Any CPU = Release|Any CPU
	EndGlobalSection
	GlobalSection(ProjectConfigurationPlatforms) = postSolution
		{D498B671-1266-4B7C-B387-1D0DCCFCAC32}.Debug|Any CPU.ActiveCfg = Debug|Any CPU
		{D498B671-1266-4B7C-B387-1D0DCCFCAC32}.Debug|Any CPU.Build.0 = Debug|Any CPU
		{D498B671-1266-4B7C-B387-1D0DCCFCAC32}.Release|Any CPU.ActiveCfg = Release|Any CPU
		{D498B671-1266-4B7C-B387-1D0DCCFCAC32}.Release|Any CPU.Build.0 = Release|Any CPU
	EndGlobalSection
	GlobalSection(SolutionProperties) = preSolution
		HideSolutionNode = FALSE
	EndGlobalSection
	GlobalSection(ExtensibilityGlobals) = postSolution
		SolutionGuid = {DEDCFBC2-69C4-4088-AD36-91DFE941ECCA}
	EndGlobalSection
EndGlobal
